
Microsoft Visual Studio Solution File, Format Version 12.00
# Visual Studio 15
VisualStudioVersion = 15.0.28307.705
MinimumVisualStudioVersion = 10.0.40219.1
Project("{9A19103F-16F7-4668-BE54-9A1E7A4F7556}") = "Kanoon", "Kanoon\Kanoon.csproj", "{93E42BD5-256F-4F1D-A46C-203F84FEDB14}"
EndProject
Project("{9A19103F-16F7-4668-BE54-9A1E7A4F7556}") = "Kanoon.DomainModels", "Kanoon.DomainModels\Kanoon.DomainModels.csproj", "{B6EFE8BA-B5AD-4374-AFBF-4F6BC5388D32}"
EndProject
Project("{9A19103F-16F7-4668-BE54-9A1E7A4F7556}") = "Kanoon.Utility", "Kanoon.Utility\Kanoon.Utility.csproj", "{1EAA559C-CEEA-4142-8933-2BDFB906A21F}"
EndProject
Project("{9A19103F-16F7-4668-BE54-9A1E7A4F7556}") = "Kanoon.Data", "Kanoon.Data\Kanoon.Data.csproj", "{DAA7D674-CFD0-445D-ADF2-DF8379FE4B6C}"
EndProject
Project("{FAE04EC0-301F-11D3-BF4B-00C04F79EFBC}") = "Kanoon.Bootstraper", "Kanoon.Bootstraper\Kanoon.Bootstraper.csproj", "{5B892C23-66E3-4258-B65B-E9FB367DC197}"
EndProject
Global
	GlobalSection(SolutionConfigurationPlatforms) = preSolution
		Debug|Any CPU = Debug|Any CPU
		Release|Any CPU = Release|Any CPU
	EndGlobalSection
	GlobalSection(ProjectConfigurationPlatforms) = postSolution
		{93E42BD5-256F-4F1D-A46C-203F84FEDB14}.Debug|Any CPU.ActiveCfg = Debug|Any CPU
		{93E42BD5-256F-4F1D-A46C-203F84FEDB14}.Debug|Any CPU.Build.0 = Debug|Any CPU
		{93E42BD5-256F-4F1D-A46C-203F84FEDB14}.Release|Any CPU.ActiveCfg = Release|Any CPU
		{93E42BD5-256F-4F1D-A46C-203F84FEDB14}.Release|Any CPU.Build.0 = Release|Any CPU
		{B6EFE8BA-B5AD-4374-AFBF-4F6BC5388D32}.Debug|Any CPU.ActiveCfg = Debug|Any CPU
		{B6EFE8BA-B5AD-4374-AFBF-4F6BC5388D32}.Debug|Any CPU.Build.0 = Debug|Any CPU
		{B6EFE8BA-B5AD-4374-AFBF-4F6BC5388D32}.Release|Any CPU.ActiveCfg = Release|Any CPU
		{B6EFE8BA-B5AD-4374-AFBF-4F6BC5388D32}.Release|Any CPU.Build.0 = Release|Any CPU
		{1EAA559C-CEEA-4142-8933-2BDFB906A21F}.Debug|Any CPU.ActiveCfg = Debug|Any CPU
		{1EAA559C-CEEA-4142-8933-2BDFB906A21F}.Debug|Any CPU.Build.0 = Debug|Any CPU
		{1EAA559C-CEEA-4142-8933-2BDFB906A21F}.Release|Any CPU.ActiveCfg = Release|Any CPU
		{1EAA559C-CEEA-4142-8933-2BDFB906A21F}.Release|Any CPU.Build.0 = Release|Any CPU
		{DAA7D674-CFD0-445D-ADF2-DF8379FE4B6C}.Debug|Any CPU.ActiveCfg = Debug|Any CPU
		{DAA7D674-CFD0-445D-ADF2-DF8379FE4B6C}.Debug|Any CPU.Build.0 = Debug|Any CPU
		{DAA7D674-CFD0-445D-ADF2-DF8379FE4B6C}.Release|Any CPU.ActiveCfg = Release|Any CPU
		{DAA7D674-CFD0-445D-ADF2-DF8379FE4B6C}.Release|Any CPU.Build.0 = Release|Any CPU
		{5B892C23-66E3-4258-B65B-E9FB367DC197}.Debug|Any CPU.ActiveCfg = Debug|Any CPU
		{5B892C23-66E3-4258-B65B-E9FB367DC197}.Debug|Any CPU.Build.0 = Debug|Any CPU
		{5B892C23-66E3-4258-B65B-E9FB367DC197}.Release|Any CPU.ActiveCfg = Release|Any CPU
		{5B892C23-66E3-4258-B65B-E9FB367DC197}.Release|Any CPU.Build.0 = Release|Any CPU
	EndGlobalSection
	GlobalSection(SolutionProperties) = preSolution
		HideSolutionNode = FALSE
	EndGlobalSection
	GlobalSection(ExtensibilityGlobals) = postSolution
		SolutionGuid = {4F69C9A6-9797-4E81-A350-36D9015575F8}
	EndGlobalSection
EndGlobal
